
Microsoft Visual Studio Solution File, Format Version 12.00
# Visual Studio Version 17
VisualStudioVersion = 17.8.34330.188
MinimumVisualStudioVersion = 10.0.40219.1
Project("{9A19103F-16F7-4668-BE54-9A1E7A4F7556}") = "ConsoleApp1", "ConsoleApp1.csproj", "{1DD7EDD2-4738-44F2-B255-47954B8134D9}"
EndProject
Project("{2150E333-8FDC-42A3-9474-1A3956D46DE8}") = "Solution Items", "Solution Items", "{B07EF659-6429-466E-BB78-72A55FF70778}"
	ProjectSection(SolutionItems) = preProject
		buildspec.yml = buildspec.yml
	EndProjectSection
EndProject
Global
	GlobalSection(SolutionConfigurationPlatforms) = preSolution
		Debug|Any CPU = Debug|Any CPU
		Release|Any CPU = Release|Any CPU
	EndGlobalSection
	GlobalSection(ProjectConfigurationPlatforms) = postSolution
		{1DD7EDD2-4738-44F2-B255-47954B8134D9}.Debug|Any CPU.ActiveCfg = Debug|Any CPU
		{1DD7EDD2-4738-44F2-B255-47954B8134D9}.Debug|Any CPU.Build.0 = Debug|Any CPU
		{1DD7EDD2-4738-44F2-B255-47954B8134D9}.Release|Any CPU.ActiveCfg = Release|Any CPU
		{1DD7EDD2-4738-44F2-B255-47954B8134D9}.Release|Any CPU.Build.0 = Release|Any CPU
	EndGlobalSection
	GlobalSection(SolutionProperties) = preSolution
		HideSolutionNode = FALSE
	EndGlobalSection
	GlobalSection(ExtensibilityGlobals) = postSolution
		SolutionGuid = {FF40FC0F-0252-4920-835C-52EF705360C3}
	EndGlobalSection
EndGlobal
